Microsoft Visual Studio Solution File, Format Version 11.00
# Visual Studio 2008

Project("{B66AE883-F992-87A2-1F6C-4512E02B3F12}") = "ProjectOtis", "Assembly-CSharp.csproj", "{2BFD9975-E84C-B12F-E4F5-8F7B16E34A7F}"
EndProject
Global
	GlobalSection(SolutionConfigurationPlatforms) = preSolution
		Debug|Any CPU = Debug|Any CPU
		Release|Any CPU = Release|Any CPU
	EndGlobalSection
	GlobalSection(ProjectConfigurationPlatforms) = postSolution
		{2BFD9975-E84C-B12F-E4F5-8F7B16E34A7F}.Debug|Any CPU.ActiveCfg = Debug|Any CPU
		{2BFD9975-E84C-B12F-E4F5-8F7B16E34A7F}.Debug|Any CPU.Build.0 = Debug|Any CPU
		{2BFD9975-E84C-B12F-E4F5-8F7B16E34A7F}.Release|Any CPU.ActiveCfg = Release|Any CPU
		{2BFD9975-E84C-B12F-E4F5-8F7B16E34A7F}.Release|Any CPU.Build.0 = Release|Any CPU
	EndGlobalSection
	GlobalSection(SolutionProperties) = preSolution
		HideSolutionNode = FALSE
	EndGlobalSection
	GlobalSection(MonoDevelopProperties) = preSolution
		StartupItem = Assembly-CSharp.csproj
	EndGlobalSection
EndGlobal
